// !$*UTF8*$!
{
	archiveVersion = 1;
	classes = {
	};
	objectVersion = 50;
	objects = {

/* Begin PBXBuildFile section */
		1138D0DE23E9AC9E00599B74 /* AppDelegate.swift in Sources */ = {isa = PBXBuildFile; fileRef = 1138D0DD23E9AC9E00599B74 /* AppDelegate.swift */; };
		1138D0E023E9AC9E00599B74 /* SceneDelegate.swift in Sources */ = {isa = PBXBuildFile; fileRef = 1138D0DF23E9AC9E00599B74 /* SceneDelegate.swift */; };
		1138D0E223E9AC9E00599B74 /* ContentView.swift in Sources */ = {isa = PBXBuildFile; fileRef = 1138D0E123E9AC9E00599B74 /* ContentView.swift */; };
		1138D0E423E9ACA100599B74 /* Assets.xcassets in Resources */ = {isa = PBXBuildFile; fileRef = 1138D0E323E9ACA100599B74 /* Assets.xcassets */; };
		1138D0E723E9ACA100599B74 /* Preview Assets.xcassets in Resources */ = {isa = PBXBuildFile; fileRef = 1138D0E623E9ACA100599B74 /* Preview Assets.xcassets */; };
		1138D0EA23E9ACA100599B74 /* LaunchScreen.storyboard in Resources */ = {isa = PBXBuildFile; fileRef = 1138D0E823E9ACA100599B74 /* LaunchScreen.storyboard */; };
/* End PBXBuildFile section */

/* Begin PBXFileReference section */
		1138D0DA23E9AC9E00599B74 /* Account Informer.app */ = {isa = PBXFileReference; explicitFileType = wrapper.application; includeInIndex = 0; path = "Account Informer.app"; sourceTree = BUILT_PRODUCTS_DIR; };
		1138D0DD23E9AC9E00599B74 /* AppDelegate.swift */ = {isa = PBXFileReference; lastKnownFileType = sourcecode.swift; path = AppDelegate.swift; sourceTree = "<group>"; };
		1138D0DF23E9AC9E00599B74 /* SceneDelegate.swift */ = {isa = PBXFileReference; lastKnownFileType = sourcecode.swift; path = SceneDelegate.swift; sourceTree = "<group>"; };
		1138D0E123E9AC9E00599B74 /* ContentView.swift */ = {isa = PBXFileReference; lastKnownFileType = sourcecode.swift; path = ContentView.swift; sourceTree = "<group>"; };
		1138D0E323E9ACA100599B74 /* Assets.xcassets */ = {isa = PBXFileReference; lastKnownFileType = folder.assetcatalog; path = Assets.xcassets; sourceTree = "<group>"; };
		1138D0E623E9ACA100599B74 /* Preview Assets.xcassets */ = {isa = PBXFileReference; lastKnownFileType = folder.assetcatalog; path = "Preview Assets.xcassets"; sourceTree = "<group>"; };
		1138D0E923E9ACA100599B74 /* Base */ = {isa = PBXFileReference; lastKnownFileType = file.storyboard; name = Base; path = Base.lproj/LaunchScreen.storyboard; sourceTree = "<group>"; };
		1138D0EB23E9ACA100599B74 /* Info.plist */ = {isa = PBXFileReference; lastKnownFileType = text.plist.xml; path = Info.plist; sourceTree = "<group>"; };
/* End PBXFileReference section */

/* Begin PBXFrameworksBuildPhase section */
		1138D0D723E9AC9E00599B74 /* Frameworks */ = {
			isa = PBXFrameworksBuildPhase;
			buildActionMask = 2147483647;
			files = (
			);
			runOnlyForDeploymentPostprocessing = 0;
		};
/* End PBXFrameworksBuildPhase section */

/* Begin PBXGroup section */
		1138D0D123E9AC9E00599B74 = {
			isa = PBXGroup;
			children = (
				1138D0DC23E9AC9E00599B74 /* Account Informer */,
				1138D0DB23E9AC9E00599B74 /* Products */,
			);
			sourceTree = "<group>";
		};
		1138D0DB23E9AC9E00599B74 /* Products */ = {
			isa = PBXGroup;
			children = (
				1138D0DA23E9AC9E00599B74 /* Account Informer.app */,
			);
			name = Products;
			sourceTree = "<group>";
		};
		1138D0DC23E9AC9E00599B74 /* Account Informer */ = {
			isa = PBXGroup;
			children = (
				1138D0DD23E9AC9E00599B74 /* AppDelegate.swift */,
				1138D0DF23E9AC9E00599B74 /* SceneDelegate.swift */,
				1138D0E123E9AC9E00599B74 /* ContentView.swift */,
				1138D0E323E9ACA100599B74 /* Assets.xcassets */,
				1138D0E823E9ACA100599B74 /* LaunchScreen.storyboard */,
				1138D0EB23E9ACA100599B74 /* Info.plist */,
				1138D0E523E9ACA100599B74 /* Preview Content */,
			);
			path = "Account Informer";
			sourceTree = "<group>";
		};
		1138D0E523E9ACA100599B74 /* Preview Content */ = {
			isa = PBXGroup;
			children = (
				1138D0E623E9ACA100599B74 /* Preview Assets.xcassets */,
			);
			path = "Preview Content";
			sourceTree = "<group>";
		};
/* End PBXGroup section */

/* Begin PBXNativeTarget section */
		1138D0D923E9AC9E00599B74 /* Account Informer */ = {
			isa = PBXNativeTarget;
			buildConfigurationList = 1138D0EE23E9ACA100599B74 /* Build configuration list for PBXNativeTarget "Account Informer" */;
			buildPhases = (
				1138D0D623E9AC9E00599B74 /* Sources */,
				1138D0D723E9AC9E00599B74 /* Frameworks */,
				1138D0D823E9AC9E00599B74 /* Resources */,
			);
			buildRules = (
			);
			dependencies = (
			);
			name = "Account Informer";
			productName = "Account Informer";
			productReference = 1138D0DA23E9AC9E00599B74 /* Account Informer.app */;
			productType = "com.apple.product-type.application";
		};
/* End PBXNativeTarget section */

/* Begin PBXProject section */
		1138D0D223E9AC9E00599B74 /* Project object */ = {
			isa = PBXProject;
			attributes = {
				LastSwiftUpdateCheck = 1120;
				LastUpgradeCheck = 1120;
				ORGANIZATIONNAME = "Business Systems";
				TargetAttributes = {
					1138D0D923E9AC9E00599B74 = {
						CreatedOnToolsVersion = 11.2.1;
					};
				};
			};
			buildConfigurationList = 1138D0D523E9AC9E00599B74 /* Build configuration list for PBXProject "Account Informer" */;
			compatibilityVersion = "Xcode 9.3";
			developmentRegion = en;
			hasScannedForEncodings = 0;
			knownRegions = (
				en,
				Base,
			);
			mainGroup = 1138D0D123E9AC9E00599B74;
			productRefGroup = 1138D0DB23E9AC9E00599B74 /* Products */;
			projectDirPath = "";
			projectRoot = "";
			targets = (
				1138D0D923E9AC9E00599B74 /* Account Informer */,
			);
		};
/* End PBXProject section */

/* Begin PBXResourcesBuildPhase section */
		1138D0D823E9AC9E00599B74 /* Resources */ = {
			isa = PBXResourcesBuildPhase;
			buildActionMask = 2147483647;
			files = (
				1138D0EA23E9ACA100599B74 /* LaunchScreen.storyboard in Resources */,
				1138D0E723E9ACA100599B74 /* Preview Assets.xcassets in Resources */,
				1138D0E423E9ACA100599B74 /* Assets.xcassets in Resources */,
			);
			runOnlyForDeploymentPostprocessing = 0;
		};
/* End PBXResourcesBuildPhase section */

/* Begin PBXSourcesBuildPhase section */
		1138D0D623E9AC9E00599B74 /* Sources */ = {
			isa = PBXSourcesBuildPhase;
			buildActionMask = 2147483647;
			files = (
				1138D0DE23E9AC9E00599B74 /* AppDelegate.swift in Sources */,
				1138D0E023E9AC9E00599B74 /* SceneDelegate.swift in Sources */,
				1138D0E223E9AC9E00599B74 /* ContentView.swift in Sources */,
			);
			runOnlyForDeploymentPostprocessing = 0;
		};
/* End PBXSourcesBuildPhase section */

/* Begin PBXVariantGroup section */
		1138D0E823E9ACA100599B74 /* LaunchScreen.storyboard */ = {
			isa = PBXVariantGroup;
			children = (
				1138D0E923E9ACA100599B74 /* Base */,
			);
			name = LaunchScreen.storyboard;
			sourceTree = "<group>";
		};
/* End PBXVariantGroup section */

/* Begin XCBuildConfiguration section */
		1138D0EC23E9ACA100599B74 /* Debug */ = {
			isa = XCBuildConfiguration;
			buildSettings = {
				ALWAYS_SEARCH_USER_PATHS = NO;
				CLANG_ANALYZER_NONNULL = YES;
				CLANG_ANALYZER_NUMBER_OBJECT_CONVERSION = YES_AGGRESSIVE;
				CLANG_CXX_LANGUAGE_STANDARD = "gnu++14";
				CLANG_CXX_LIBRARY = "libc++";
				CLANG_ENABLE_MODULES = YES;
				CLANG_ENABLE_OBJC_ARC = YES;
				CLANG_ENABLE_OBJC_WEAK = YES;
				CLANG_WARN_BLOCK_CAPTURE_AUTORELEASING = YES;
				CLANG_WARN_BOOL_CONVERSION = YES;
				CLANG_WARN_COMMA = YES;
				CLANG_WARN_CONSTANT_CONVERSION = YES;
				CLANG_WARN_DEPRECATED_OBJC_IMPLEMENTATIONS = YES;
				CLANG_WARN_DIRECT_OBJC_ISA_USAGE = YES_ERROR;
				CLANG_WARN_DOCUMENTATION_COMMENTS = YES;
				CLANG_WARN_EMPTY_BODY = YES;
				CLANG_WARN_ENUM_CONVERSION = YES;
				CLANG_WARN_INFINITE_RECURSION = YES;
				CLANG_WARN_INT_CONVERSION = YES;
				CLANG_WARN_NON_LITERAL_NULL_CONVERSION = YES;
				CLANG_WARN_OBJC_IMPLICIT_RETAIN_SELF = YES;
				CLANG_WARN_OBJC_LITERAL_CONVERSION = YES;
				CLANG_WARN_OBJC_ROOT_CLASS = YES_ERROR;
				CLANG_WARN_RANGE_LOOP_ANALYSIS = YES;
				CLANG_WARN_STRICT_PROTOTYPES = YES;
				CLANG_WARN_SUSPICIOUS_MOVE = YES;
				CLANG_WARN_UNGUARDED_AVAILABILITY = YES_AGGRESSIVE;
				CLANG_WARN_UNREACHABLE_CODE = YES;
				CLANG_WARN__DUPLICATE_METHOD_MATCH = YES;
				COPY_PHASE_STRIP = NO;
				DEBUG_INFORMATION_FORMAT = dwarf;
				ENABLE_STRICT_OBJC_MSGSEND = YES;
				ENABLE_TESTABILITY = YES;
				GCC_C_LANGUAGE_STANDARD = gnu11;
				GCC_DYNAMIC_NO_PIC = NO;
				GCC_NO_COMMON_BLOCKS = YES;
				GCC_OPTIMIZATION_LEVEL = 0;
				GCC_PREPROCESSOR_DEFINITIONS = (
					"DEBUG=1",
					"$(inherited)",
				);
				GCC_WARN_64_TO_32_BIT_CONVERSION = YES;
				GCC_WARN_ABOUT_RETURN_TYPE = YES_ERROR;
				GCC_WARN_UNDECLARED_SELECTOR = YES;
				GCC_WARN_UNINITIALIZED_AUTOS = YES_AGGRESSIVE;
				GCC_WARN_UNUSED_FUNCTION = YES;
				GCC_WARN_UNUSED_VARIABLE = YES;
				IPHONEOS_DEPLOYMENT_TARGET = 13.2;
				MTL_ENABLE_DEBUG_INFO = INCLUDE_SOURCE;
				MTL_FAST_MATH = YES;
				ONLY_ACTIVE_ARCH = YES;
				SDKROOT = iphoneos;
				SWIFT_ACTIVE_COMPILATION_CONDITIONS = DEBUG;
				SWIFT_OPTIMIZATION_LEVEL = "-Onone";
			};
			name = Debug;
		};
		1138D0ED23E9ACA100599B74 /* Release */ = {
			isa = XCBuildConfiguration;
			buildSettings = {
				ALWAYS_SEARCH_USER_PATHS = NO;
				CLANG_ANALYZER_NONNULL = YES;
				CLANG_ANALYZER_NUMBER_OBJECT_CONVERSION = YES_AGGRESSIVE;
				CLANG_CXX_LANGUAGE_STANDARD = "gnu++14";
				CLANG_CXX_LIBRARY = "libc++";
				CLANG_ENABLE_MODULES = YES;
				CLANG_ENABLE_OBJC_ARC = YES;
				CLANG_ENABLE_OBJC_WEAK = YES;
				CLANG_WARN_BLOCK_CAPTURE_AUTORELEASING = YES;
				CLANG_WARN_BOOL_CONVERSION = YES;
				CLANG_WARN_COMMA = YES;
				CLANG_WARN_CONSTANT_CONVERSION = YES;
				CLANG_WARN_DEPRECATED_OBJC_IMPLEMENTATIONS = YES;
				CLANG_WARN_DIRECT_OBJC_ISA_USAGE = YES_ERROR;
				CLANG_WARN_DOCUMENTATION_COMMENTS = YES;
				CLANG_WARN_EMPTY_BODY = YES;
				CLANG_WARN_ENUM_CONVERSION = YES;
				CLANG_WARN_INFINITE_RECURSION = YES;
				CLANG_WARN_INT_CONVERSION = YES;
				CLANG_WARN_NON_LITERAL_NULL_CONVERSION = YES;
				CLANG_WARN_OBJC_IMPLICIT_RETAIN_SELF = YES;
				CLANG_WARN_OBJC_LITERAL_CONVERSION = YES;
				CLANG_WARN_OBJC_ROOT_CLASS = YES_ERROR;
				CLANG_WARN_RANGE_LOOP_ANALYSIS = YES;
				CLANG_WARN_STRICT_PROTOTYPES = YES;
				CLANG_WARN_SUSPICIOUS_MOVE = YES;
				CLANG_WARN_UNGUARDED_AVAILABILITY = YES_AGGRESSIVE;
				CLANG_WARN_UNREACHABLE_CODE = YES;
				CLANG_WARN__DUPLICATE_METHOD_MATCH = YES;
				COPY_PHASE_STRIP = NO;
				DEBUG_INFORMATION_FORMAT = "dwarf-with-dsym";
				ENABLE_NS_ASSERTIONS = NO;
				ENABLE_STRICT_OBJC_MSGSEND = YES;
				GCC_C_LANGUAGE_STANDARD = gnu11;
				GCC_NO_COMMON_BLOCKS = YES;
				GCC_WARN_64_TO_32_BIT_CONVERSION = YES;
				GCC_WARN_ABOUT_RETURN_TYPE = YES_ERROR;
				GCC_WARN_UNDECLARED_SELECTOR = YES;
				GCC_WARN_UNINITIALIZED_AUTOS = YES_AGGRESSIVE;
				GCC_WARN_UNUSED_FUNCTION = YES;
				GCC_WARN_UNUSED_VARIABLE = YES;
				IPHONEOS_DEPLOYMENT_TARGET = 13.2;
				MTL_ENABLE_DEBUG_INFO = NO;
				MTL_FAST_MATH = YES;
				SDKROOT = iphoneos;
				SWIFT_COMPILATION_MODE = wholemodule;
				SWIFT_OPTIMIZATION_LEVEL = "-O";
				VALIDATE_PRODUCT = YES;
			};
			name = Release;
		};
		1138D0EF23E9ACA100599B74 /* Debug */ = {
			isa = XCBuildConfiguration;
			buildSettings = {
				ASSETCATALOG_COMPILER_APPICON_NAME = AppIcon;
				CODE_SIGN_STYLE = Automatic;
				DEVELOPMENT_ASSET_PATHS = "\"Account Informer/Preview Content\"";
				DEVELOPMENT_TEAM = 9F9BG5VWR3;
				ENABLE_PREVIEWS = YES;
				INFOPLIST_FILE = "Account Informer/Info.plist";
				LD_RUNPATH_SEARCH_PATHS = (
					"$(inherited)",
					"@executable_path/Frameworks",
				);
				PRODUCT_BUNDLE_IDENTIFIER = "ru.bscode.Account-Informer";
				PRODUCT_NAME = "$(TARGET_NAME)";
				SWIFT_VERSION = 5.0;
				TARGETED_DEVICE_FAMILY = "1,2";
			};
			name = Debug;
		};
		1138D0F023E9ACA100599B74 /* Release */ = {
			isa = XCBuildConfiguration;
			buildSettings = {
				ASSETCATALOG_COMPILER_APPICON_NAME = AppIcon;
				CODE_SIGN_STYLE = Automatic;
				DEVELOPMENT_ASSET_PATHS = "\"Account Informer/Preview Content\"";
				DEVELOPMENT_TEAM = 9F9BG5VWR3;
				ENABLE_PREVIEWS = YES;
				INFOPLIST_FILE = "Account Informer/Info.plist";
				LD_RUNPATH_SEARCH_PATHS = (
					"$(inherited)",
					"@executable_path/Frameworks",
				);
				PRODUCT_BUNDLE_IDENTIFIER = "ru.bscode.Account-Informer";
				PRODUCT_NAME = "$(TARGET_NAME)";
				SWIFT_VERSION = 5.0;
				TARGETED_DEVICE_FAMILY = "1,2";
			};
			name = Release;
		};
/* End XCBuildConfiguration section */

/* Begin XCConfigurationList section */
		1138D0D523E9AC9E00599B74 /* Build configuration list for PBXProject "Account Informer" */ = {
			isa = XCConfigurationList;
			buildConfigurations = (
				1138D0EC23E9ACA100599B74 /* Debug */,
				1138D0ED23E9ACA100599B74 /* Release */,
			);
			defaultConfigurationIsVisible = 0;
			defaultConfigurationName = Release;
		};
		1138D0EE23E9ACA100599B74 /* Build configuration list for PBXNativeTarget "Account Informer" */ = {
			isa = XCConfigurationList;
			buildConfigurations = (
				1138D0EF23E9ACA100599B74 /* Debug */,
				1138D0F023E9ACA100599B74 /* Release */,
			);
			defaultConfigurationIsVisible = 0;
			defaultConfigurationName = Release;
		};
/* End XCConfigurationList section */
	};
	rootObject = 1138D0D223E9AC9E00599B74 /* Project object */;
}
